
Microsoft Visual Studio Solution File, Format Version 12.00
# Visual Studio Version 17
VisualStudioVersion = 17.2.32630.192
MinimumVisualStudioVersion = 10.0.40219.1
Project("{2150E333-8FDC-42A3-9474-1A3956D46DE8}") = "Template", "Template", "{B0041298-FB53-4F9E-AC46-8FA7ED945FA2}"
	ProjectSection(SolutionItems) = preProject
		Template.cs = Template.cs
	EndProjectSection
EndProject
Project("{FAE04EC0-301F-11D3-BF4B-00C04F79EFBC}") = "Day10", "Day10\Day10.csproj", "{FEE32882-3ACE-4E80-98B0-A09AB3CC4A24}"
EndProject
Project("{9A19103F-16F7-4668-BE54-9A1E7A4F7556}") = "Day01", "Day01\Day01.csproj", "{139CB6C7-A5A4-4FA2-AD68-D0F5D74B4D38}"
EndProject
Project("{9A19103F-16F7-4668-BE54-9A1E7A4F7556}") = "Day02", "Day02\Day02.csproj", "{16B14F54-7EF9-4434-B082-115BE29BF250}"
EndProject
Project("{9A19103F-16F7-4668-BE54-9A1E7A4F7556}") = "Day03", "Day03\Day03.csproj", "{B06E0E34-CA29-4A54-B5A4-89D09D2A3CA8}"
EndProject
Project("{9A19103F-16F7-4668-BE54-9A1E7A4F7556}") = "Day04", "Day04\Day04.csproj", "{824ADF09-866E-439A-8047-B0C39B471E74}"
EndProject
Project("{9A19103F-16F7-4668-BE54-9A1E7A4F7556}") = "Day05", "Day05\Day05.csproj", "{5FF4679B-404C-4BE7-8CCA-7ABA5AE1C674}"
EndProject
Project("{9A19103F-16F7-4668-BE54-9A1E7A4F7556}") = "Day06", "Day06\Day06.csproj", "{7246C0C8-2BA1-4094-B930-88610A54D0BB}"
EndProject
Project("{9A19103F-16F7-4668-BE54-9A1E7A4F7556}") = "Day07", "Day07\Day07.csproj", "{6BAB2281-CEC9-4A7D-A7E8-57F08D587512}"
EndProject
Project("{9A19103F-16F7-4668-BE54-9A1E7A4F7556}") = "Day08", "Day08\Day08.csproj", "{B53A4A28-DDC7-4974-86B6-3332AE8069F7}"
EndProject
Project("{9A19103F-16F7-4668-BE54-9A1E7A4F7556}") = "Day09", "Day09\Day09.csproj", "{0E6E7F64-C109-4469-B1A8-BD1AF56B5B87}"
EndProject
Global
	GlobalSection(SolutionConfigurationPlatforms) = preSolution
		Debug|Any CPU = Debug|Any CPU
		Release|Any CPU = Release|Any CPU
	EndGlobalSection
	GlobalSection(ProjectConfigurationPlatforms) = postSolution
		{FEE32882-3ACE-4E80-98B0-A09AB3CC4A24}.Debug|Any CPU.ActiveCfg = Debug|Any CPU
		{FEE32882-3ACE-4E80-98B0-A09AB3CC4A24}.Debug|Any CPU.Build.0 = Debug|Any CPU
		{FEE32882-3ACE-4E80-98B0-A09AB3CC4A24}.Release|Any CPU.ActiveCfg = Release|Any CPU
		{FEE32882-3ACE-4E80-98B0-A09AB3CC4A24}.Release|Any CPU.Build.0 = Release|Any CPU
		{139CB6C7-A5A4-4FA2-AD68-D0F5D74B4D38}.Debug|Any CPU.ActiveCfg = Debug|Any CPU
		{139CB6C7-A5A4-4FA2-AD68-D0F5D74B4D38}.Debug|Any CPU.Build.0 = Debug|Any CPU
		{139CB6C7-A5A4-4FA2-AD68-D0F5D74B4D38}.Release|Any CPU.ActiveCfg = Release|Any CPU
		{139CB6C7-A5A4-4FA2-AD68-D0F5D74B4D38}.Release|Any CPU.Build.0 = Release|Any CPU
		{16B14F54-7EF9-4434-B082-115BE29BF250}.Debug|Any CPU.ActiveCfg = Debug|Any CPU
		{16B14F54-7EF9-4434-B082-115BE29BF250}.Debug|Any CPU.Build.0 = Debug|Any CPU
		{16B14F54-7EF9-4434-B082-115BE29BF250}.Release|Any CPU.ActiveCfg = Release|Any CPU
		{16B14F54-7EF9-4434-B082-115BE29BF250}.Release|Any CPU.Build.0 = Release|Any CPU
		{B06E0E34-CA29-4A54-B5A4-89D09D2A3CA8}.Debug|Any CPU.ActiveCfg = Debug|Any CPU
		{B06E0E34-CA29-4A54-B5A4-89D09D2A3CA8}.Debug|Any CPU.Build.0 = Debug|Any CPU
		{B06E0E34-CA29-4A54-B5A4-89D09D2A3CA8}.Release|Any CPU.ActiveCfg = Release|Any CPU
		{B06E0E34-CA29-4A54-B5A4-89D09D2A3CA8}.Release|Any CPU.Build.0 = Release|Any CPU
		{824ADF09-866E-439A-8047-B0C39B471E74}.Debug|Any CPU.ActiveCfg = Debug|Any CPU
		{824ADF09-866E-439A-8047-B0C39B471E74}.Debug|Any CPU.Build.0 = Debug|Any CPU
		{824ADF09-866E-439A-8047-B0C39B471E74}.Release|Any CPU.ActiveCfg = Release|Any CPU
		{824ADF09-866E-439A-8047-B0C39B471E74}.Release|Any CPU.Build.0 = Release|Any CPU
		{5FF4679B-404C-4BE7-8CCA-7ABA5AE1C674}.Debug|Any CPU.ActiveCfg = Debug|Any CPU
		{5FF4679B-404C-4BE7-8CCA-7ABA5AE1C674}.Debug|Any CPU.Build.0 = Debug|Any CPU
		{5FF4679B-404C-4BE7-8CCA-7ABA5AE1C674}.Release|Any CPU.ActiveCfg = Release|Any CPU
		{5FF4679B-404C-4BE7-8CCA-7ABA5AE1C674}.Release|Any CPU.Build.0 = Release|Any CPU
		{7246C0C8-2BA1-4094-B930-88610A54D0BB}.Debug|Any CPU.ActiveCfg = Debug|Any CPU
		{7246C0C8-2BA1-4094-B930-88610A54D0BB}.Debug|Any CPU.Build.0 = Debug|Any CPU
		{7246C0C8-2BA1-4094-B930-88610A54D0BB}.Release|Any CPU.ActiveCfg = Release|Any CPU
		{7246C0C8-2BA1-4094-B930-88610A54D0BB}.Release|Any CPU.Build.0 = Release|Any CPU
		{6BAB2281-CEC9-4A7D-A7E8-57F08D587512}.Debug|Any CPU.ActiveCfg = Debug|Any CPU
		{6BAB2281-CEC9-4A7D-A7E8-57F08D587512}.Debug|Any CPU.Build.0 = Debug|Any CPU
		{6BAB2281-CEC9-4A7D-A7E8-57F08D587512}.Release|Any CPU.ActiveCfg = Release|Any CPU
		{6BAB2281-CEC9-4A7D-A7E8-57F08D587512}.Release|Any CPU.Build.0 = Release|Any CPU
		{B53A4A28-DDC7-4974-86B6-3332AE8069F7}.Debug|Any CPU.ActiveCfg = Debug|Any CPU
		{B53A4A28-DDC7-4974-86B6-3332AE8069F7}.Debug|Any CPU.Build.0 = Debug|Any CPU
		{B53A4A28-DDC7-4974-86B6-3332AE8069F7}.Release|Any CPU.ActiveCfg = Release|Any CPU
		{B53A4A28-DDC7-4974-86B6-3332AE8069F7}.Release|Any CPU.Build.0 = Release|Any CPU
		{0E6E7F64-C109-4469-B1A8-BD1AF56B5B87}.Debug|Any CPU.ActiveCfg = Debug|Any CPU
		{0E6E7F64-C109-4469-B1A8-BD1AF56B5B87}.Debug|Any CPU.Build.0 = Debug|Any CPU
		{0E6E7F64-C109-4469-B1A8-BD1AF56B5B87}.Release|Any CPU.ActiveCfg = Release|Any CPU
		{0E6E7F64-C109-4469-B1A8-BD1AF56B5B87}.Release|Any CPU.Build.0 = Release|Any CPU
	EndGlobalSection
	GlobalSection(SolutionProperties) = preSolution
		HideSolutionNode = FALSE
	EndGlobalSection
	GlobalSection(ExtensibilityGlobals) = postSolution
		SolutionGuid = {4FD03CC6-F17E-447D-B43D-4F7D23764E23}
	EndGlobalSection
EndGlobal
